
Microsoft Visual Studio Solution File, Format Version 11.00
# Visual Studio 2010
Project("{FAE04EC0-301F-11D3-BF4B-00C04F79EFBC}") = "Assembly-CSharp", "Assembly-CSharp.csproj", "{F45B9316-0C73-5440-B3B7-1C69517CD5AD}"
EndProject
Project("{FAE04EC0-301F-11D3-BF4B-00C04F79EFBC}") = "Assembly-CSharp-Editor", "Assembly-CSharp-Editor.csproj", "{E032F29B-BD8D-F51D-2E36-EC9ADE7E3FF5}"
EndProject
Global
	GlobalSection(SolutionConfigurationPlatforms) = preSolution
		Debug|Any CPU = Debug|Any CPU
		Release|Any CPU = Release|Any CPU
	EndGlobalSection
	GlobalSection(ProjectConfigurationPlatforms) = postSolution
		{F45B9316-0C73-5440-B3B7-1C69517CD5AD}.Debug|Any CPU.ActiveCfg = Debug|Any CPU
		{F45B9316-0C73-5440-B3B7-1C69517CD5AD}.Debug|Any CPU.Build.0 = Debug|Any CPU
		{F45B9316-0C73-5440-B3B7-1C69517CD5AD}.Release|Any CPU.ActiveCfg = Release|Any CPU
		{F45B9316-0C73-5440-B3B7-1C69517CD5AD}.Release|Any CPU.Build.0 = Release|Any CPU
		{E032F29B-BD8D-F51D-2E36-EC9ADE7E3FF5}.Debug|Any CPU.ActiveCfg = Debug|Any CPU
		{E032F29B-BD8D-F51D-2E36-EC9ADE7E3FF5}.Debug|Any CPU.Build.0 = Debug|Any CPU
		{E032F29B-BD8D-F51D-2E36-EC9ADE7E3FF5}.Release|Any CPU.ActiveCfg = Release|Any CPU
		{E032F29B-BD8D-F51D-2E36-EC9ADE7E3FF5}.Release|Any CPU.Build.0 = Release|Any CPU
	EndGlobalSection
	GlobalSection(SolutionProperties) = preSolution
		HideSolutionNode = FALSE
	EndGlobalSection
EndGlobal
